
Microsoft Visual Studio Solution File, Format Version 12.00
# Visual Studio Version 17
VisualStudioVersion = 17.14.36908.2 d17.14
MinimumVisualStudioVersion = 10.0.40219.1
Project("{FAE04EC0-301F-11D3-BF4B-00C04F79EFBC}") = "KTransport.API", "KTransport.API\KTransport.API.csproj", "{4034A6F0-A904-465F-9CF5-E01BBA88961F}"
EndProject
Global
	GlobalSection(SolutionConfigurationPlatforms) = preSolution
		Debug|Any CPU = Debug|Any CPU
		Release|Any CPU = Release|Any CPU
	EndGlobalSection
	GlobalSection(ProjectConfigurationPlatforms) = postSolution
		{4034A6F0-A904-465F-9CF5-E01BBA88961F}.Debug|Any CPU.ActiveCfg = Debug|Any CPU
		{4034A6F0-A904-465F-9CF5-E01BBA88961F}.Debug|Any CPU.Build.0 = Debug|Any CPU
		{4034A6F0-A904-465F-9CF5-E01BBA88961F}.Release|Any CPU.ActiveCfg = Release|Any CPU
		{4034A6F0-A904-465F-9CF5-E01BBA88961F}.Release|Any CPU.Build.0 = Release|Any CPU
	EndGlobalSection
	GlobalSection(SolutionProperties) = preSolution
		HideSolutionNode = FALSE
	EndGlobalSection
	GlobalSection(ExtensibilityGlobals) = postSolution
		SolutionGuid = {5234A2D9-2063-4C8E-BF3A-D92CDDB618E7}
	EndGlobalSection
EndGlobal
